// !$*UTF8*$!
{
	archiveVersion = 1;
	classes = {
	};
	objectVersion = 56;
	objects = {

/* Begin PBXBuildFile section */
		551DE05F2AC23A4D003418DB /* OnboardingViewController.swift in Sources */ = {isa = PBXBuildFile; fileRef = 551DE05E2AC23A4D003418DB /* OnboardingViewController.swift */; };
		55260E972AD1944A0018288E /* CategoryListViewController.swift in Sources */ = {isa = PBXBuildFile; fileRef = 55260E962AD1944A0018288E /* CategoryListViewController.swift */; };
		55260E992AD5F81C0018288E /* CategoryCreateViewController.swift in Sources */ = {isa = PBXBuildFile; fileRef = 55260E982AD5F81C0018288E /* CategoryCreateViewController.swift */; };
		55260EA12AD97A280018288E /* CategoryListViewModel.swift in Sources */ = {isa = PBXBuildFile; fileRef = 55260EA02AD97A280018288E /* CategoryListViewModel.swift */; };
		5529E5C22ABB76B000FA7645 /* Date+Extensions.swift in Sources */ = {isa = PBXBuildFile; fileRef = 5529E5C12ABB76B000FA7645 /* Date+Extensions.swift */; };
		55BA1BCD29F1555C003004CB /* SnackbarView.swift in Sources */ = {isa = PBXBuildFile; fileRef = 55BA1BCC29F1555C003004CB /* SnackbarView.swift */; };
		55BA1BCF29F2BB05003004CB /* ColorCell.swift in Sources */ = {isa = PBXBuildFile; fileRef = 55BA1BCE29F2BB05003004CB /* ColorCell.swift */; };
		55BA1BD429F8206F003004CB /* Model.xcdatamodeld in Sources */ = {isa = PBXBuildFile; fileRef = 55BA1BD229F8206F003004CB /* Model.xcdatamodeld */; };
		55BA1BE029F95B78003004CB /* UIColorMarshalling.swift in Sources */ = {isa = PBXBuildFile; fileRef = 55BA1BDF29F95B78003004CB /* UIColorMarshalling.swift */; };
		55BA1BE229F97027003004CB /* UIScheduleMarshalling.swift in Sources */ = {isa = PBXBuildFile; fileRef = 55BA1BE129F97027003004CB /* UIScheduleMarshalling.swift */; };
		55BA1C1629FDB4D9003004CB /* TrackerCategoryStore.swift in Sources */ = {isa = PBXBuildFile; fileRef = 55BA1C1229FDB4D9003004CB /* TrackerCategoryStore.swift */; };
		55BA1C1729FDB4D9003004CB /* TrackerRecordStore.swift in Sources */ = {isa = PBXBuildFile; fileRef = 55BA1C1329FDB4D9003004CB /* TrackerRecordStore.swift */; };
		55BA1C1929FDB4D9003004CB /* TrackerStore.swift in Sources */ = {isa = PBXBuildFile; fileRef = 55BA1C1529FDB4D9003004CB /* TrackerStore.swift */; };
		55DD0B1629CF19E40028FCDE /* AppDelegate.swift in Sources */ = {isa = PBXBuildFile; fileRef = 55DD0B1529CF19E40028FCDE /* AppDelegate.swift */; };
		55DD0B1829CF19E40028FCDE /* SceneDelegate.swift in Sources */ = {isa = PBXBuildFile; fileRef = 55DD0B1729CF19E40028FCDE /* SceneDelegate.swift */; };
		55DD0B1F29CF19E50028FCDE /* Assets.xcassets in Resources */ = {isa = PBXBuildFile; fileRef = 55DD0B1E29CF19E50028FCDE /* Assets.xcassets */; };
		55DD0B3029CF7D660028FCDE /* TrackerListHeader.swift in Sources */ = {isa = PBXBuildFile; fileRef = 55DD0B2F29CF7D660028FCDE /* TrackerListHeader.swift */; };
		55DD0B3D29D37E970028FCDE /* UIColor+Extensions.swift in Sources */ = {isa = PBXBuildFile; fileRef = 55DD0B3C29D37E970028FCDE /* UIColor+Extensions.swift */; };
		55DD0B6E29D389B10028FCDE /* TabBarController.swift in Sources */ = {isa = PBXBuildFile; fileRef = 55DD0B6D29D389B10028FCDE /* TabBarController.swift */; };
		55DD0B7129D38A0B0028FCDE /* TrackersViewController.swift in Sources */ = {isa = PBXBuildFile; fileRef = 55DD0B7029D38A0B0028FCDE /* TrackersViewController.swift */; };
		55DD0B7329D38A640028FCDE /* TrackersPresenter.swift in Sources */ = {isa = PBXBuildFile; fileRef = 55DD0B7229D38A640028FCDE /* TrackersPresenter.swift */; };
		55DD0B7729D38C1E0028FCDE /* StatisticViewController.swift in Sources */ = {isa = PBXBuildFile; fileRef = 55DD0B7629D38C1E0028FCDE /* StatisticViewController.swift */; };
		55DD0B7929D38C2B0028FCDE /* StatisticPresenter.swift in Sources */ = {isa = PBXBuildFile; fileRef = 55DD0B7829D38C2B0028FCDE /* StatisticPresenter.swift */; };
		55DD0B7F29D49AF80028FCDE /* TrackerCell.swift in Sources */ = {isa = PBXBuildFile; fileRef = 55DD0B7E29D49AF80028FCDE /* TrackerCell.swift */; };
		55DD0B8329D5F0E20028FCDE /* Separator.swift in Sources */ = {isa = PBXBuildFile; fileRef = 55DD0B8229D5F0E20028FCDE /* Separator.swift */; };
		55DD0B8629D626F20028FCDE /* Tracker.swift in Sources */ = {isa = PBXBuildFile; fileRef = 55DD0B8529D626F20028FCDE /* Tracker.swift */; };
		55DD0B8829D627120028FCDE /* TrackerCategory.swift in Sources */ = {isa = PBXBuildFile; fileRef = 55DD0B8729D627120028FCDE /* TrackerCategory.swift */; };
		55DD0B8A29D6271B0028FCDE /* TrackerRecord.swift in Sources */ = {isa = PBXBuildFile; fileRef = 55DD0B8929D6271B0028FCDE /* TrackerRecord.swift */; };
		55DD0B8D29D62BB50028FCDE /* TrackerTypeViewController.swift in Sources */ = {isa = PBXBuildFile; fileRef = 55DD0B8C29D62BB50028FCDE /* TrackerTypeViewController.swift */; };
		55DD0B8F29D636820028FCDE /* TrackerCreateViewController.swift in Sources */ = {isa = PBXBuildFile; fileRef = 55DD0B8E29D636820028FCDE /* TrackerCreateViewController.swift */; };
		55DD0B9329D63F0F0028FCDE /* UITextField+Extensions.swift in Sources */ = {isa = PBXBuildFile; fileRef = 55DD0B9229D63F0F0028FCDE /* UITextField+Extensions.swift */; };
		55DD0B9729D6E8850028FCDE /* ScheduleViewController.swift in Sources */ = {isa = PBXBuildFile; fileRef = 55DD0B9629D6E8850028FCDE /* ScheduleViewController.swift */; };
		55E7D73729DB723D00423770 /* TextFieldCell.swift in Sources */ = {isa = PBXBuildFile; fileRef = 55E7D73629DB723D00423770 /* TextFieldCell.swift */; };
		55E7D73929DB727A00423770 /* SettingsListCells.swift in Sources */ = {isa = PBXBuildFile; fileRef = 55E7D73829DB727A00423770 /* SettingsListCells.swift */; };
		55E7D73B29DC7E8900423770 /* EmojiCell.swift in Sources */ = {isa = PBXBuildFile; fileRef = 55E7D73A29DC7E8900423770 /* EmojiCell.swift */; };
		55E7D73F29DD762D00423770 /* HeaderCell.swift in Sources */ = {isa = PBXBuildFile; fileRef = 55E7D73E29DD762D00423770 /* HeaderCell.swift */; };
		55E7D74329DD875D00423770 /* TrackerSetupCollectionView.swift in Sources */ = {isa = PBXBuildFile; fileRef = 55E7D74229DD875D00423770 /* TrackerSetupCollectionView.swift */; };
		55E7D74529DDA5A700423770 /* WeekDay.swift in Sources */ = {isa = PBXBuildFile; fileRef = 55E7D74429DDA5A700423770 /* WeekDay.swift */; };
/* End PBXBuildFile section */

/* Begin PBXFileReference section */
		551DE05E2AC23A4D003418DB /* OnboardingViewController.swift */ = {isa = PBXFileReference; lastKnownFileType = sourcecode.swift; path = OnboardingViewController.swift; sourceTree = "<group>"; };
		55260E962AD1944A0018288E /* CategoryListViewController.swift */ = {isa = PBXFileReference; lastKnownFileType = sourcecode.swift; path = CategoryListViewController.swift; sourceTree = "<group>"; };
		55260E982AD5F81C0018288E /* CategoryCreateViewController.swift */ = {isa = PBXFileReference; lastKnownFileType = sourcecode.swift; path = CategoryCreateViewController.swift; sourceTree = "<group>"; };
		55260EA02AD97A280018288E /* CategoryListViewModel.swift */ = {isa = PBXFileReference; lastKnownFileType = sourcecode.swift; path = CategoryListViewModel.swift; sourceTree = "<group>"; };
		5529E5C12ABB76B000FA7645 /* Date+Extensions.swift */ = {isa = PBXFileReference; lastKnownFileType = sourcecode.swift; path = "Date+Extensions.swift"; sourceTree = "<group>"; };
		55BA1BCC29F1555C003004CB /* SnackbarView.swift */ = {isa = PBXFileReference; lastKnownFileType = sourcecode.swift; path = SnackbarView.swift; sourceTree = "<group>"; };
		55BA1BCE29F2BB05003004CB /* ColorCell.swift */ = {isa = PBXFileReference; lastKnownFileType = sourcecode.swift; path = ColorCell.swift; sourceTree = "<group>"; };
		55BA1BD329F8206F003004CB /* Library.xcdatamodel */ = {isa = PBXFileReference; lastKnownFileType = wrapper.xcdatamodel; path = Library.xcdatamodel; sourceTree = "<group>"; };
		55BA1BDF29F95B78003004CB /* UIColorMarshalling.swift */ = {isa = PBXFileReference; lastKnownFileType = sourcecode.swift; path = UIColorMarshalling.swift; sourceTree = "<group>"; };
		55BA1BE129F97027003004CB /* UIScheduleMarshalling.swift */ = {isa = PBXFileReference; lastKnownFileType = sourcecode.swift; path = UIScheduleMarshalling.swift; sourceTree = "<group>"; };
		55BA1C1229FDB4D9003004CB /* TrackerCategoryStore.swift */ = {isa = PBXFileReference; fileEncoding = 4; lastKnownFileType = sourcecode.swift; path = TrackerCategoryStore.swift; sourceTree = "<group>"; };
		55BA1C1329FDB4D9003004CB /* TrackerRecordStore.swift */ = {isa = PBXFileReference; fileEncoding = 4; lastKnownFileType = sourcecode.swift; path = TrackerRecordStore.swift; sourceTree = "<group>"; };
		55BA1C1529FDB4D9003004CB /* TrackerStore.swift */ = {isa = PBXFileReference; fileEncoding = 4; lastKnownFileType = sourcecode.swift; path = TrackerStore.swift; sourceTree = "<group>"; };
		55DD0B1229CF19E40028FCDE /* Tracker.app */ = {isa = PBXFileReference; explicitFileType = wrapper.application; includeInIndex = 0; path = Tracker.app; sourceTree = BUILT_PRODUCTS_DIR; };
		55DD0B1529CF19E40028FCDE /* AppDelegate.swift */ = {isa = PBXFileReference; lastKnownFileType = sourcecode.swift; path = AppDelegate.swift; sourceTree = "<group>"; };
		55DD0B1729CF19E40028FCDE /* SceneDelegate.swift */ = {isa = PBXFileReference; lastKnownFileType = sourcecode.swift; path = SceneDelegate.swift; sourceTree = "<group>"; };
		55DD0B1E29CF19E50028FCDE /* Assets.xcassets */ = {isa = PBXFileReference; lastKnownFileType = folder.assetcatalog; path = Assets.xcassets; sourceTree = "<group>"; };
		55DD0B2329CF19E50028FCDE /* Info.plist */ = {isa = PBXFileReference; lastKnownFileType = text.plist.xml; path = Info.plist; sourceTree = "<group>"; };
		55DD0B2F29CF7D660028FCDE /* TrackerListHeader.swift */ = {isa = PBXFileReference; lastKnownFileType = sourcecode.swift; path = TrackerListHeader.swift; sourceTree = "<group>"; };
		55DD0B3C29D37E970028FCDE /* UIColor+Extensions.swift */ = {isa = PBXFileReference; lastKnownFileType = sourcecode.swift; path = "UIColor+Extensions.swift"; sourceTree = "<group>"; };
		55DD0B6D29D389B10028FCDE /* TabBarController.swift */ = {isa = PBXFileReference; lastKnownFileType = sourcecode.swift; path = TabBarController.swift; sourceTree = "<group>"; };
		55DD0B7029D38A0B0028FCDE /* TrackersViewController.swift */ = {isa = PBXFileReference; lastKnownFileType = sourcecode.swift; path = TrackersViewController.swift; sourceTree = "<group>"; };
		55DD0B7229D38A640028FCDE /* TrackersPresenter.swift */ = {isa = PBXFileReference; lastKnownFileType = sourcecode.swift; path = TrackersPresenter.swift; sourceTree = "<group>"; };
		55DD0B7629D38C1E0028FCDE /* StatisticViewController.swift */ = {isa = PBXFileReference; lastKnownFileType = sourcecode.swift; path = StatisticViewController.swift; sourceTree = "<group>"; };
		55DD0B7829D38C2B0028FCDE /* StatisticPresenter.swift */ = {isa = PBXFileReference; lastKnownFileType = sourcecode.swift; path = StatisticPresenter.swift; sourceTree = "<group>"; };
		55DD0B7E29D49AF80028FCDE /* TrackerCell.swift */ = {isa = PBXFileReference; lastKnownFileType = sourcecode.swift; path = TrackerCell.swift; sourceTree = "<group>"; };
		55DD0B8229D5F0E20028FCDE /* Separator.swift */ = {isa = PBXFileReference; lastKnownFileType = sourcecode.swift; path = Separator.swift; sourceTree = "<group>"; };
		55DD0B8529D626F20028FCDE /* Tracker.swift */ = {isa = PBXFileReference; lastKnownFileType = sourcecode.swift; path = Tracker.swift; sourceTree = "<group>"; };
		55DD0B8729D627120028FCDE /* TrackerCategory.swift */ = {isa = PBXFileReference; lastKnownFileType = sourcecode.swift; path = TrackerCategory.swift; sourceTree = "<group>"; };
		55DD0B8929D6271B0028FCDE /* TrackerRecord.swift */ = {isa = PBXFileReference; lastKnownFileType = sourcecode.swift; path = TrackerRecord.swift; sourceTree = "<group>"; };
		55DD0B8C29D62BB50028FCDE /* TrackerTypeViewController.swift */ = {isa = PBXFileReference; lastKnownFileType = sourcecode.swift; path = TrackerTypeViewController.swift; sourceTree = "<group>"; };
		55DD0B8E29D636820028FCDE /* TrackerCreateViewController.swift */ = {isa = PBXFileReference; lastKnownFileType = sourcecode.swift; path = TrackerCreateViewController.swift; sourceTree = "<group>"; };
		55DD0B9229D63F0F0028FCDE /* UITextField+Extensions.swift */ = {isa = PBXFileReference; lastKnownFileType = sourcecode.swift; path = "UITextField+Extensions.swift"; sourceTree = "<group>"; };
		55DD0B9629D6E8850028FCDE /* ScheduleViewController.swift */ = {isa = PBXFileReference; lastKnownFileType = sourcecode.swift; path = ScheduleViewController.swift; sourceTree = "<group>"; };
		55E7D73629DB723D00423770 /* TextFieldCell.swift */ = {isa = PBXFileReference; lastKnownFileType = sourcecode.swift; path = TextFieldCell.swift; sourceTree = "<group>"; };
		55E7D73829DB727A00423770 /* SettingsListCells.swift */ = {isa = PBXFileReference; lastKnownFileType = sourcecode.swift; path = SettingsListCells.swift; sourceTree = "<group>"; };
		55E7D73A29DC7E8900423770 /* EmojiCell.swift */ = {isa = PBXFileReference; lastKnownFileType = sourcecode.swift; path = EmojiCell.swift; sourceTree = "<group>"; };
		55E7D73E29DD762D00423770 /* HeaderCell.swift */ = {isa = PBXFileReference; lastKnownFileType = sourcecode.swift; path = HeaderCell.swift; sourceTree = "<group>"; };
		55E7D74229DD875D00423770 /* TrackerSetupCollectionView.swift */ = {isa = PBXFileReference; lastKnownFileType = sourcecode.swift; path = TrackerSetupCollectionView.swift; sourceTree = "<group>"; };
		55E7D74429DDA5A700423770 /* WeekDay.swift */ = {isa = PBXFileReference; lastKnownFileType = sourcecode.swift; path = WeekDay.swift; sourceTree = "<group>"; };
/* End PBXFileReference section */

/* Begin PBXFrameworksBuildPhase section */
		55DD0B0F29CF19E40028FCDE /* Frameworks */ = {
			isa = PBXFrameworksBuildPhase;
			buildActionMask = 2147483647;
			files = (
			);
			runOnlyForDeploymentPostprocessing = 0;
		};
/* End PBXFrameworksBuildPhase section */

/* Begin PBXGroup section */
		551DE05D2AC23A36003418DB /* OnboardingScreen */ = {
			isa = PBXGroup;
			children = (
				551DE05E2AC23A4D003418DB /* OnboardingViewController.swift */,
			);
			path = OnboardingScreen;
			sourceTree = "<group>";
		};
		55260E952AD1941D0018288E /* TrackerCreateCategoryScreen */ = {
			isa = PBXGroup;
			children = (
				55260E962AD1944A0018288E /* CategoryListViewController.swift */,
				55260E982AD5F81C0018288E /* CategoryCreateViewController.swift */,
			);
			path = TrackerCreateCategoryScreen;
			sourceTree = "<group>";
		};
		55260E9E2AD974420018288E /* View */ = {
			isa = PBXGroup;
			children = (
			);
			path = View;
			sourceTree = "<group>";
		};
		55260E9F2AD9744A0018288E /* ViewModel */ = {
			isa = PBXGroup;
			children = (
				55260EA02AD97A280018288E /* CategoryListViewModel.swift */,
			);
			path = ViewModel;
			sourceTree = "<group>";
		};
		55BA1BE329F9C86B003004CB /* CoreData */ = {
			isa = PBXGroup;
			children = (
				55BA1BE429F9C8CD003004CB /* Store */,
				55BA1BD229F8206F003004CB /* Model.xcdatamodeld */,
			);
			path = CoreData;
			sourceTree = "<group>";
		};
		55BA1BE429F9C8CD003004CB /* Store */ = {
			isa = PBXGroup;
			children = (
				55BA1C1229FDB4D9003004CB /* TrackerCategoryStore.swift */,
				55BA1C1329FDB4D9003004CB /* TrackerRecordStore.swift */,
				55BA1C1529FDB4D9003004CB /* TrackerStore.swift */,
			);
			path = Store;
			sourceTree = "<group>";
		};
		55BA1BF829FA6C65003004CB /* Domain */ = {
			isa = PBXGroup;
			children = (
				55DD0B8429D626E60028FCDE /* Models */,
				55BA1BE329F9C86B003004CB /* CoreData */,
			);
			path = Domain;
			sourceTree = "<group>";
		};
		55DD0B0929CF19E40028FCDE = {
			isa = PBXGroup;
			children = (
				55DD0B1429CF19E40028FCDE /* Tracker */,
				55DD0B1329CF19E40028FCDE /* Products */,
			);
			sourceTree = "<group>";
		};
		55DD0B1329CF19E40028FCDE /* Products */ = {
			isa = PBXGroup;
			children = (
				55DD0B1229CF19E40028FCDE /* Tracker.app */,
			);
			name = Products;
			sourceTree = "<group>";
		};
		55DD0B1429CF19E40028FCDE /* Tracker */ = {
			isa = PBXGroup;
			children = (
				55260E9F2AD9744A0018288E /* ViewModel */,
				55260E9E2AD974420018288E /* View */,
				55BA1BF829FA6C65003004CB /* Domain */,
				55DD0B3B29D37E890028FCDE /* Helpers */,
				55DD0B3629D36CA90028FCDE /* Presentation */,
				55DD0B3929D36DCF0028FCDE /* Resources */,
				55DD0B1529CF19E40028FCDE /* AppDelegate.swift */,
				55DD0B1729CF19E40028FCDE /* SceneDelegate.swift */,
			);
			path = Tracker;
			sourceTree = "<group>";
		};
		55DD0B3629D36CA90028FCDE /* Presentation */ = {
			isa = PBXGroup;
			children = (
				55260E952AD1941D0018288E /* TrackerCreateCategoryScreen */,
				551DE05D2AC23A36003418DB /* OnboardingScreen */,
				55DD0B8B29D62B6C0028FCDE /* TrackerCreatingScreen */,
				55DD0B7429D38C040028FCDE /* StatisticScreen */,
				55DD0B6F29D389FA0028FCDE /* TrackersListScreen */,
				55DD0B6D29D389B10028FCDE /* TabBarController.swift */,
				55DD0B8229D5F0E20028FCDE /* Separator.swift */,
				55BA1BCC29F1555C003004CB /* SnackbarView.swift */,
			);
			path = Presentation;
			sourceTree = "<group>";
		};
		55DD0B3929D36DCF0028FCDE /* Resources */ = {
			isa = PBXGroup;
			children = (
				55DD0B1E29CF19E50028FCDE /* Assets.xcassets */,
				55DD0B2329CF19E50028FCDE /* Info.plist */,
			);
			path = Resources;
			sourceTree = "<group>";
		};
		55DD0B3B29D37E890028FCDE /* Helpers */ = {
			isa = PBXGroup;
			children = (
				55BA1BDF29F95B78003004CB /* UIColorMarshalling.swift */,
				55BA1BE129F97027003004CB /* UIScheduleMarshalling.swift */,
				55DD0B3C29D37E970028FCDE /* UIColor+Extensions.swift */,
				55DD0B9229D63F0F0028FCDE /* UITextField+Extensions.swift */,
				5529E5C12ABB76B000FA7645 /* Date+Extensions.swift */,
			);
			path = Helpers;
			sourceTree = "<group>";
		};
		55DD0B6F29D389FA0028FCDE /* TrackersListScreen */ = {
			isa = PBXGroup;
			children = (
				55DD0B2F29CF7D660028FCDE /* TrackerListHeader.swift */,
				55DD0B7E29D49AF80028FCDE /* TrackerCell.swift */,
				55DD0B7029D38A0B0028FCDE /* TrackersViewController.swift */,
				55DD0B7229D38A640028FCDE /* TrackersPresenter.swift */,
			);
			path = TrackersListScreen;
			sourceTree = "<group>";
		};
		55DD0B7429D38C040028FCDE /* StatisticScreen */ = {
			isa = PBXGroup;
			children = (
				55DD0B7629D38C1E0028FCDE /* StatisticViewController.swift */,
				55DD0B7829D38C2B0028FCDE /* StatisticPresenter.swift */,
			);
			path = StatisticScreen;
			sourceTree = "<group>";
		};
		55DD0B8429D626E60028FCDE /* Models */ = {
			isa = PBXGroup;
			children = (
				55DD0B8529D626F20028FCDE /* Tracker.swift */,
				55DD0B8729D627120028FCDE /* TrackerCategory.swift */,
				55DD0B8929D6271B0028FCDE /* TrackerRecord.swift */,
				55E7D74429DDA5A700423770 /* WeekDay.swift */,
			);
			path = Models;
			sourceTree = "<group>";
		};
		55DD0B8B29D62B6C0028FCDE /* TrackerCreatingScreen */ = {
			isa = PBXGroup;
			children = (
				55E7D73529DB722600423770 /* SettingsCells */,
				55DD0B9629D6E8850028FCDE /* ScheduleViewController.swift */,
				55DD0B8C29D62BB50028FCDE /* TrackerTypeViewController.swift */,
				55DD0B8E29D636820028FCDE /* TrackerCreateViewController.swift */,
				55E7D74229DD875D00423770 /* TrackerSetupCollectionView.swift */,
			);
			path = TrackerCreatingScreen;
			sourceTree = "<group>";
		};
		55E7D73529DB722600423770 /* SettingsCells */ = {
			isa = PBXGroup;
			children = (
				55E7D73629DB723D00423770 /* TextFieldCell.swift */,
				55E7D73829DB727A00423770 /* SettingsListCells.swift */,
				55E7D73A29DC7E8900423770 /* EmojiCell.swift */,
				55E7D73E29DD762D00423770 /* HeaderCell.swift */,
				55BA1BCE29F2BB05003004CB /* ColorCell.swift */,
			);
			path = SettingsCells;
			sourceTree = "<group>";
		};
/* End PBXGroup section */

/* Begin PBXNativeTarget section */
		55DD0B1129CF19E40028FCDE /* Tracker */ = {
			isa = PBXNativeTarget;
			buildConfigurationList = 55DD0B2629CF19E50028FCDE /* Build configuration list for PBXNativeTarget "Tracker" */;
			buildPhases = (
				55DD0B0E29CF19E40028FCDE /* Sources */,
				55DD0B0F29CF19E40028FCDE /* Frameworks */,
				55DD0B1029CF19E40028FCDE /* Resources */,
			);
			buildRules = (
			);
			dependencies = (
			);
			name = Tracker;
			productName = Tracker;
			productReference = 55DD0B1229CF19E40028FCDE /* Tracker.app */;
			productType = "com.apple.product-type.application";
		};
/* End PBXNativeTarget section */

/* Begin PBXProject section */
		55DD0B0A29CF19E40028FCDE /* Project object */ = {
			isa = PBXProject;
			attributes = {
				BuildIndependentTargetsInParallel = 1;
				LastSwiftUpdateCheck = 1420;
				LastUpgradeCheck = 1420;
				TargetAttributes = {
					55DD0B1129CF19E40028FCDE = {
						CreatedOnToolsVersion = 14.2;
					};
				};
			};
			buildConfigurationList = 55DD0B0D29CF19E40028FCDE /* Build configuration list for PBXProject "Tracker" */;
			compatibilityVersion = "Xcode 14.0";
			developmentRegion = en;
			hasScannedForEncodings = 0;
			knownRegions = (
				en,
				Base,
			);
			mainGroup = 55DD0B0929CF19E40028FCDE;
			productRefGroup = 55DD0B1329CF19E40028FCDE /* Products */;
			projectDirPath = "";
			projectRoot = "";
			targets = (
				55DD0B1129CF19E40028FCDE /* Tracker */,
			);
		};
/* End PBXProject section */

/* Begin PBXResourcesBuildPhase section */
		55DD0B1029CF19E40028FCDE /* Resources */ = {
			isa = PBXResourcesBuildPhase;
			buildActionMask = 2147483647;
			files = (
				55DD0B1F29CF19E50028FCDE /* Assets.xcassets in Resources */,
			);
			runOnlyForDeploymentPostprocessing = 0;
		};
/* End PBXResourcesBuildPhase section */

/* Begin PBXSourcesBuildPhase section */
		55DD0B0E29CF19E40028FCDE /* Sources */ = {
			isa = PBXSourcesBuildPhase;
			buildActionMask = 2147483647;
			files = (
				55BA1C1929FDB4D9003004CB /* TrackerStore.swift in Sources */,
				55DD0B7F29D49AF80028FCDE /* TrackerCell.swift in Sources */,
				55DD0B7929D38C2B0028FCDE /* StatisticPresenter.swift in Sources */,
				551DE05F2AC23A4D003418DB /* OnboardingViewController.swift in Sources */,
				55DD0B7729D38C1E0028FCDE /* StatisticViewController.swift in Sources */,
				55DD0B8A29D6271B0028FCDE /* TrackerRecord.swift in Sources */,
				55BA1C1629FDB4D9003004CB /* TrackerCategoryStore.swift in Sources */,
				55E7D74329DD875D00423770 /* TrackerSetupCollectionView.swift in Sources */,
				55E7D74529DDA5A700423770 /* WeekDay.swift in Sources */,
				55DD0B3029CF7D660028FCDE /* TrackerListHeader.swift in Sources */,
				55BA1BE029F95B78003004CB /* UIColorMarshalling.swift in Sources */,
				55DD0B9329D63F0F0028FCDE /* UITextField+Extensions.swift in Sources */,
				55E7D73B29DC7E8900423770 /* EmojiCell.swift in Sources */,
				55E7D73929DB727A00423770 /* SettingsListCells.swift in Sources */,
				55DD0B1629CF19E40028FCDE /* AppDelegate.swift in Sources */,
				55BA1BCF29F2BB05003004CB /* ColorCell.swift in Sources */,
				55BA1BCD29F1555C003004CB /* SnackbarView.swift in Sources */,
				55DD0B7329D38A640028FCDE /* TrackersPresenter.swift in Sources */,
				55DD0B9729D6E8850028FCDE /* ScheduleViewController.swift in Sources */,
				55DD0B8829D627120028FCDE /* TrackerCategory.swift in Sources */,
				55DD0B8F29D636820028FCDE /* TrackerCreateViewController.swift in Sources */,
				55BA1BE229F97027003004CB /* UIScheduleMarshalling.swift in Sources */,
				55DD0B1829CF19E40028FCDE /* SceneDelegate.swift in Sources */,
				55DD0B7129D38A0B0028FCDE /* TrackersViewController.swift in Sources */,
				55DD0B8629D626F20028FCDE /* Tracker.swift in Sources */,
				5529E5C22ABB76B000FA7645 /* Date+Extensions.swift in Sources */,
				55260E992AD5F81C0018288E /* CategoryCreateViewController.swift in Sources */,
				55DD0B8D29D62BB50028FCDE /* TrackerTypeViewController.swift in Sources */,
				55E7D73729DB723D00423770 /* TextFieldCell.swift in Sources */,
				55DD0B3D29D37E970028FCDE /* UIColor+Extensions.swift in Sources */,
				55DD0B8329D5F0E20028FCDE /* Separator.swift in Sources */,
				55260E972AD1944A0018288E /* CategoryListViewController.swift in Sources */,
				55260EA12AD97A280018288E /* CategoryListViewModel.swift in Sources */,
				55BA1C1729FDB4D9003004CB /* TrackerRecordStore.swift in Sources */,
				55DD0B6E29D389B10028FCDE /* TabBarController.swift in Sources */,
				55E7D73F29DD762D00423770 /* HeaderCell.swift in Sources */,
				55BA1BD429F8206F003004CB /* Model.xcdatamodeld in Sources */,
			);
			runOnlyForDeploymentPostprocessing = 0;
		};
/* End PBXSourcesBuildPhase section */

/* Begin XCBuildConfiguration section */
		55DD0B2429CF19E50028FCDE /* Debug */ = {
			isa = XCBuildConfiguration;
			buildSettings = {
				ALWAYS_SEARCH_USER_PATHS = NO;
				CLANG_ANALYZER_NONNULL = YES;
				CLANG_ANALYZER_NUMBER_OBJECT_CONVERSION = YES_AGGRESSIVE;
				CLANG_CXX_LANGUAGE_STANDARD = "gnu++20";
				CLANG_ENABLE_MODULES = YES;
				CLANG_ENABLE_OBJC_ARC = YES;
				CLANG_ENABLE_OBJC_WEAK = YES;
				CLANG_WARN_BLOCK_CAPTURE_AUTORELEASING = YES;
				CLANG_WARN_BOOL_CONVERSION = YES;
				CLANG_WARN_COMMA = YES;
				CLANG_WARN_CONSTANT_CONVERSION = YES;
				CLANG_WARN_DEPRECATED_OBJC_IMPLEMENTATIONS = YES;
				CLANG_WARN_DIRECT_OBJC_ISA_USAGE = YES_ERROR;
				CLANG_WARN_DOCUMENTATION_COMMENTS = YES;
				CLANG_WARN_EMPTY_BODY = YES;
				CLANG_WARN_ENUM_CONVERSION = YES;
				CLANG_WARN_INFINITE_RECURSION = YES;
				CLANG_WARN_INT_CONVERSION = YES;
				CLANG_WARN_NON_LITERAL_NULL_CONVERSION = YES;
				CLANG_WARN_OBJC_IMPLICIT_RETAIN_SELF = YES;
				CLANG_WARN_OBJC_LITERAL_CONVERSION = YES;
				CLANG_WARN_OBJC_ROOT_CLASS = YES_ERROR;
				CLANG_WARN_QUOTED_INCLUDE_IN_FRAMEWORK_HEADER = YES;
				CLANG_WARN_RANGE_LOOP_ANALYSIS = YES;
				CLANG_WARN_STRICT_PROTOTYPES = YES;
				CLANG_WARN_SUSPICIOUS_MOVE = YES;
				CLANG_WARN_UNGUARDED_AVAILABILITY = YES_AGGRESSIVE;
				CLANG_WARN_UNREACHABLE_CODE = YES;
				CLANG_WARN__DUPLICATE_METHOD_MATCH = YES;
				COPY_PHASE_STRIP = NO;
				DEBUG_INFORMATION_FORMAT = dwarf;
				ENABLE_STRICT_OBJC_MSGSEND = YES;
				ENABLE_TESTABILITY = YES;
				GCC_C_LANGUAGE_STANDARD = gnu11;
				GCC_DYNAMIC_NO_PIC = NO;
				GCC_NO_COMMON_BLOCKS = YES;
				GCC_OPTIMIZATION_LEVEL = 0;
				GCC_PREPROCESSOR_DEFINITIONS = (
					"DEBUG=1",
					"$(inherited)",
				);
				GCC_WARN_64_TO_32_BIT_CONVERSION = YES;
				GCC_WARN_ABOUT_RETURN_TYPE = YES_ERROR;
				GCC_WARN_UNDECLARED_SELECTOR = YES;
				GCC_WARN_UNINITIALIZED_AUTOS = YES_AGGRESSIVE;
				GCC_WARN_UNUSED_FUNCTION = YES;
				GCC_WARN_UNUSED_VARIABLE = YES;
				IPHONEOS_DEPLOYMENT_TARGET = 16.2;
				MTL_ENABLE_DEBUG_INFO = INCLUDE_SOURCE;
				MTL_FAST_MATH = YES;
				ONLY_ACTIVE_ARCH = YES;
				SDKROOT = iphoneos;
				SWIFT_ACTIVE_COMPILATION_CONDITIONS = DEBUG;
				SWIFT_OPTIMIZATION_LEVEL = "-Onone";
			};
			name = Debug;
		};
		55DD0B2529CF19E50028FCDE /* Release */ = {
			isa = XCBuildConfiguration;
			buildSettings = {
				ALWAYS_SEARCH_USER_PATHS = NO;
				CLANG_ANALYZER_NONNULL = YES;
				CLANG_ANALYZER_NUMBER_OBJECT_CONVERSION = YES_AGGRESSIVE;
				CLANG_CXX_LANGUAGE_STANDARD = "gnu++20";
				CLANG_ENABLE_MODULES = YES;
				CLANG_ENABLE_OBJC_ARC = YES;
				CLANG_ENABLE_OBJC_WEAK = YES;
				CLANG_WARN_BLOCK_CAPTURE_AUTORELEASING = YES;
				CLANG_WARN_BOOL_CONVERSION = YES;
				CLANG_WARN_COMMA = YES;
				CLANG_WARN_CONSTANT_CONVERSION = YES;
				CLANG_WARN_DEPRECATED_OBJC_IMPLEMENTATIONS = YES;
				CLANG_WARN_DIRECT_OBJC_ISA_USAGE = YES_ERROR;
				CLANG_WARN_DOCUMENTATION_COMMENTS = YES;
				CLANG_WARN_EMPTY_BODY = YES;
				CLANG_WARN_ENUM_CONVERSION = YES;
				CLANG_WARN_INFINITE_RECURSION = YES;
				CLANG_WARN_INT_CONVERSION = YES;
				CLANG_WARN_NON_LITERAL_NULL_CONVERSION = YES;
				CLANG_WARN_OBJC_IMPLICIT_RETAIN_SELF = YES;
				CLANG_WARN_OBJC_LITERAL_CONVERSION = YES;
				CLANG_WARN_OBJC_ROOT_CLASS = YES_ERROR;
				CLANG_WARN_QUOTED_INCLUDE_IN_FRAMEWORK_HEADER = YES;
				CLANG_WARN_RANGE_LOOP_ANALYSIS = YES;
				CLANG_WARN_STRICT_PROTOTYPES = YES;
				CLANG_WARN_SUSPICIOUS_MOVE = YES;
				CLANG_WARN_UNGUARDED_AVAILABILITY = YES_AGGRESSIVE;
				CLANG_WARN_UNREACHABLE_CODE = YES;
				CLANG_WARN__DUPLICATE_METHOD_MATCH = YES;
				COPY_PHASE_STRIP = NO;
				DEBUG_INFORMATION_FORMAT = "dwarf-with-dsym";
				ENABLE_NS_ASSERTIONS = NO;
				ENABLE_STRICT_OBJC_MSGSEND = YES;
				GCC_C_LANGUAGE_STANDARD = gnu11;
				GCC_NO_COMMON_BLOCKS = YES;
				GCC_WARN_64_TO_32_BIT_CONVERSION = YES;
				GCC_WARN_ABOUT_RETURN_TYPE = YES_ERROR;
				GCC_WARN_UNDECLARED_SELECTOR = YES;
				GCC_WARN_UNINITIALIZED_AUTOS = YES_AGGRESSIVE;
				GCC_WARN_UNUSED_FUNCTION = YES;
				GCC_WARN_UNUSED_VARIABLE = YES;
				IPHONEOS_DEPLOYMENT_TARGET = 16.2;
				MTL_ENABLE_DEBUG_INFO = NO;
				MTL_FAST_MATH = YES;
				SDKROOT = iphoneos;
				SWIFT_COMPILATION_MODE = wholemodule;
				SWIFT_OPTIMIZATION_LEVEL = "-O";
				VALIDATE_PRODUCT = YES;
			};
			name = Release;
		};
		55DD0B2729CF19E50028FCDE /* Debug */ = {
			isa = XCBuildConfiguration;
			buildSettings = {
				ASSETCATALOG_COMPILER_APPICON_NAME = AppIcon;
				ASSETCATALOG_COMPILER_GLOBAL_ACCENT_COLOR_NAME = AccentColor;
				CODE_SIGN_STYLE = Automatic;
				CURRENT_PROJECT_VERSION = 1;
				DEVELOPMENT_TEAM = N2VS4UZP9U;
				GENERATE_INFOPLIST_FILE = YES;
				INFOPLIST_FILE = Tracker/Resources/Info.plist;
				INFOPLIST_KEY_LSApplicationCategoryType = "public.app-category.lifestyle";
				INFOPLIST_KEY_UIApplicationSupportsIndirectInputEvents = YES;
				INFOPLIST_KEY_UILaunchStoryboardName = LaunchViewController;
				INFOPLIST_KEY_UISupportedInterfaceOrientations_iPad = "UIInterfaceOrientationPortrait UIInterfaceOrientationPortraitUpsideDown UIInterfaceOrientationLandscapeLeft UIInterfaceOrientationLandscapeRight";
				INFOPLIST_KEY_UISupportedInterfaceOrientations_iPhone = "UIInterfaceOrientationPortrait UIInterfaceOrientationLandscapeLeft UIInterfaceOrientationLandscapeRight";
				IPHONEOS_DEPLOYMENT_TARGET = 13.4;
				LD_RUNPATH_SEARCH_PATHS = (
					"$(inherited)",
					"@executable_path/Frameworks",
				);
				MARKETING_VERSION = 1.0;
				PRODUCT_BUNDLE_IDENTIFIER = ru.gesvik.Tracker;
				PRODUCT_NAME = "$(TARGET_NAME)";
				SUPPORTED_PLATFORMS = "iphoneos iphonesimulator";
				SUPPORTS_MACCATALYST = NO;
				SUPPORTS_MAC_DESIGNED_FOR_IPHONE_IPAD = NO;
				SWIFT_EMIT_LOC_STRINGS = YES;
				SWIFT_VERSION = 5.0;
				TARGETED_DEVICE_FAMILY = "1,2";
			};
			name = Debug;
		};
		55DD0B2829CF19E50028FCDE /* Release */ = {
			isa = XCBuildConfiguration;
			buildSettings = {
				ASSETCATALOG_COMPILER_APPICON_NAME = AppIcon;
				ASSETCATALOG_COMPILER_GLOBAL_ACCENT_COLOR_NAME = AccentColor;
				CODE_SIGN_STYLE = Automatic;
				CURRENT_PROJECT_VERSION = 1;
				DEVELOPMENT_TEAM = N2VS4UZP9U;
				GENERATE_INFOPLIST_FILE = YES;
				INFOPLIST_FILE = Tracker/Resources/Info.plist;
				INFOPLIST_KEY_LSApplicationCategoryType = "public.app-category.lifestyle";
				INFOPLIST_KEY_UIApplicationSupportsIndirectInputEvents = YES;
				INFOPLIST_KEY_UILaunchStoryboardName = LaunchViewController;
				INFOPLIST_KEY_UISupportedInterfaceOrientations_iPad = "UIInterfaceOrientationPortrait UIInterfaceOrientationPortraitUpsideDown UIInterfaceOrientationLandscapeLeft UIInterfaceOrientationLandscapeRight";
				INFOPLIST_KEY_UISupportedInterfaceOrientations_iPhone = "UIInterfaceOrientationPortrait UIInterfaceOrientationLandscapeLeft UIInterfaceOrientationLandscapeRight";
				IPHONEOS_DEPLOYMENT_TARGET = 13.4;
				LD_RUNPATH_SEARCH_PATHS = (
					"$(inherited)",
					"@executable_path/Frameworks",
				);
				MARKETING_VERSION = 1.0;
				PRODUCT_BUNDLE_IDENTIFIER = ru.gesvik.Tracker;
				PRODUCT_NAME = "$(TARGET_NAME)";
				SUPPORTED_PLATFORMS = "iphoneos iphonesimulator";
				SUPPORTS_MACCATALYST = NO;
				SUPPORTS_MAC_DESIGNED_FOR_IPHONE_IPAD = NO;
				SWIFT_EMIT_LOC_STRINGS = YES;
				SWIFT_VERSION = 5.0;
				TARGETED_DEVICE_FAMILY = "1,2";
			};
			name = Release;
		};
/* End XCBuildConfiguration section */

/* Begin XCConfigurationList section */
		55DD0B0D29CF19E40028FCDE /* Build configuration list for PBXProject "Tracker" */ = {
			isa = XCConfigurationList;
			buildConfigurations = (
				55DD0B2429CF19E50028FCDE /* Debug */,
				55DD0B2529CF19E50028FCDE /* Release */,
			);
			defaultConfigurationIsVisible = 0;
			defaultConfigurationName = Release;
		};
		55DD0B2629CF19E50028FCDE /* Build configuration list for PBXNativeTarget "Tracker" */ = {
			isa = XCConfigurationList;
			buildConfigurations = (
				55DD0B2729CF19E50028FCDE /* Debug */,
				55DD0B2829CF19E50028FCDE /* Release */,
			);
			defaultConfigurationIsVisible = 0;
			defaultConfigurationName = Release;
		};
/* End XCConfigurationList section */

/* Begin XCVersionGroup section */
		55BA1BD229F8206F003004CB /* Model.xcdatamodeld */ = {
			isa = XCVersionGroup;
			children = (
				55BA1BD329F8206F003004CB /* Library.xcdatamodel */,
			);
			currentVersion = 55BA1BD329F8206F003004CB /* Library.xcdatamodel */;
			path = Model.xcdatamodeld;
			sourceTree = "<group>";
			versionGroupType = wrapper.xcdatamodel;
		};
/* End XCVersionGroup section */
	};
	rootObject = 55DD0B0A29CF19E40028FCDE /* Project object */;
}
